# THIS IS AN AUTOGENERATED FILE. DO NOT EDIT THIS FILE DIRECTLY.
# yarn lockfile v1


"bytebuffer@^5.0.1":
  "integrity" "sha1-WC7qSxqHO20CCkjVjfhfC7ps/d0= sha512-IuzSdmADppkZ6DlpycMkm8l9zeEq16fWtLvunEwFiYciR/BHo4E8/xs5piFquG+Za8OWmMqHF8zuRviz2LHvRQ=="
  "resolved" "https://registry.npmjs.org/bytebuffer/-/bytebuffer-5.0.1.tgz"
  "version" "5.0.1"
  dependencies:
    "long" "~3"

"long@~3":
  "integrity" "sha1-2CG3E4yhy1gcFymQ7xTbIAtcR0s= sha512-ZYvPPOMqUwPoDsbJaR10iQJYnMuZhRTvHYl62ErLIEX7RgFlziSBUUvrt3OVfc47QlHHpzPZYP17g3Fv7oeJkg=="
  "resolved" "https://registry.npmjs.org/long/-/long-3.2.0.tgz"
  "version" "3.2.0"
